{
  "name": "gardenlife-modo",
  "version": "1.0.0",
  "lockfileVersion": 3,
  "requires": true,
  "packages": {
    "": {
      "name": "gardenlife-modo",
      "version": "1.0.0",
      "license": "UNLICENSED"
    },
    "extensions/_modo-order-status.bak": {
      "name": "modo-order-status",
      "version": "1.0.0",
      "extraneous": true,
      "license": "UNLICENSED",
      "dependencies": {
        "@shopify/ui-extensions": "2025.7.x",
        "@shopify/ui-extensions-react": "2025.7.x",
        "react": "^18.0.0",
        "react-reconciler": "0.29.0"
      },
      "devDependencies": {
        "@types/react": "^18.0.0"
      }
    },
    "extensions/modo-minimal": {
      "version": "1.0.0",
      "extraneous": true,
      "license": "UNLICENSED",
      "dependencies": {
        "@shopify/ui-extensions": "2025.7.x",
        "@shopify/ui-extensions-react": "2025.7.x",
        "react": "^18.0.0",
        "react-reconciler": "0.29.0"
      },
      "devDependencies": {
        "@types/react": "^18.0.0"
      }
    },
    "extensions/modo-order-status": {
      "version": "1.0.0",
      "extraneous": true,
      "license": "UNLICENSED",
      "dependencies": {
        "@shopify/ui-extensions": "2025.7.x",
        "@shopify/ui-extensions-react": "2025.7.x",
        "react": "^18.0.0",
        "react-reconciler": "0.29.0"
      },
      "devDependencies": {
        "@types/react": "^18.0.0"
      }
    },
    "extensions/modo-pay": {
      "version": "1.0.0",
      "extraneous": true,
      "license": "UNLICENSED",
      "dependencies": {
        "@shopify/ui-extensions": "^2024.7.1",
        "@shopify/ui-extensions-react": "^2024.7.1",
        "react": "^18.2.0",
        "react-reconciler": "0.29.0"
      },
      "devDependencies": {
        "@types/react": "^18.2.0"
      }
    },
    "extensions/test-extension": {
      "version": "1.0.0",
      "extraneous": true,
      "license": "UNLICENSED",
      "dependencies": {
        "@shopify/ui-extensions": "2025.7.x",
        "@shopify/ui-extensions-react": "2025.7.x",
        "react": "^18.0.0",
        "react-reconciler": "0.29.0"
      },
      "devDependencies": {
        "@types/react": "^18.0.0"
      }
    }
  }
}
